
Microsoft Visual Studio Solution File, Format Version 11.00
# Visual Studio 2010
Project("{FAE04EC0-301F-11D3-BF4B-00C04F79EFBC}") = "SumayPromediotodosAppXamari", "SumayPromediotodosAppXamari\SumayPromediotodosAppXamari.csproj", "{AA50D7FE-78DE-4D86-A424-9A3DC24594A9}"
EndProject
Global
	GlobalSection(SolutionConfigurationPlatforms) = preSolution
		Debug|x86 = Debug|x86
		Release|x86 = Release|x86
	EndGlobalSection
	GlobalSection(ProjectConfigurationPlatforms) = postSolution
		{AA50D7FE-78DE-4D86-A424-9A3DC24594A9}.Debug|x86.ActiveCfg = Debug|x86
		{AA50D7FE-78DE-4D86-A424-9A3DC24594A9}.Debug|x86.Build.0 = Debug|x86
		{AA50D7FE-78DE-4D86-A424-9A3DC24594A9}.Release|x86.ActiveCfg = Release|x86
		{AA50D7FE-78DE-4D86-A424-9A3DC24594A9}.Release|x86.Build.0 = Release|x86
	EndGlobalSection
	GlobalSection(MonoDevelopProperties) = preSolution
		StartupItem = SumayPromediotodosAppXamari\SumayPromediotodosAppXamari.csproj
	EndGlobalSection
EndGlobal
